// !$*UTF8*$!
{
	archiveVersion = 1;
	classes = {
	};
	objectVersion = 50;
	objects = {

/* Begin PBXBuildFile section */
		029B5DE13AF49A7009626D09 /* Pods_BitcoinConversionTests.framework in Frameworks */ = {isa = PBXBuildFile; fileRef = C54DC9663A44905A5220E8E1 /* Pods_BitcoinConversionTests.framework */; };
		4B3FE581227D3FE300E3C01C /* CurrencySelectionTableViewController.swift in Sources */ = {isa = PBXBuildFile; fileRef = 4B3FE580227D3FE300E3C01C /* CurrencySelectionTableViewController.swift */; };
		4B425840227B635D002092F2 /* AppDelegate.swift in Sources */ = {isa = PBXBuildFile; fileRef = 4B42583F227B635D002092F2 /* AppDelegate.swift */; };
		4B425845227B635D002092F2 /* Main.storyboard in Resources */ = {isa = PBXBuildFile; fileRef = 4B425843227B635D002092F2 /* Main.storyboard */; };
		4B425847227B635F002092F2 /* Assets.xcassets in Resources */ = {isa = PBXBuildFile; fileRef = 4B425846227B635F002092F2 /* Assets.xcassets */; };
		4B42584A227B635F002092F2 /* LaunchScreen.storyboard in Resources */ = {isa = PBXBuildFile; fileRef = 4B425848227B635F002092F2 /* LaunchScreen.storyboard */; };
		4B425855227B635F002092F2 /* BitcoinConversionTests.swift in Sources */ = {isa = PBXBuildFile; fileRef = 4B425854227B635F002092F2 /* BitcoinConversionTests.swift */; };
		4B425860227B635F002092F2 /* BitcoinConversionUITests.swift in Sources */ = {isa = PBXBuildFile; fileRef = 4B42585F227B635F002092F2 /* BitcoinConversionUITests.swift */; };
		4B42586E227B70BE002092F2 /* EnterNameViewController.swift in Sources */ = {isa = PBXBuildFile; fileRef = 4B42586D227B70BE002092F2 /* EnterNameViewController.swift */; };
		4B425874227BB681002092F2 /* CurrencySelectionViewController.swift in Sources */ = {isa = PBXBuildFile; fileRef = 4B425873227BB681002092F2 /* CurrencySelectionViewController.swift */; };
		4B42587A227BF1AF002092F2 /* BAConstants.swift in Sources */ = {isa = PBXBuildFile; fileRef = 4B425879227BF1AF002092F2 /* BAConstants.swift */; };
		4B42587C227BFA23002092F2 /* BAClient.swift in Sources */ = {isa = PBXBuildFile; fileRef = 4B42587B227BFA23002092F2 /* BAClient.swift */; };
		4B42587F227BFABE002092F2 /* PriceConversion.swift in Sources */ = {isa = PBXBuildFile; fileRef = 4B42587E227BFABE002092F2 /* PriceConversion.swift */; };
		4B425881227BFBB5002092F2 /* NetworkError.swift in Sources */ = {isa = PBXBuildFile; fileRef = 4B425880227BFBB5002092F2 /* NetworkError.swift */; };
		4B72D89E227D5A8D0028154C /* ConversionResultViewController.swift in Sources */ = {isa = PBXBuildFile; fileRef = 4B72D89D227D5A8D0028154C /* ConversionResultViewController.swift */; };
		4B72D8A1227E3F590028154C /* SegueConstants.swift in Sources */ = {isa = PBXBuildFile; fileRef = 4B72D8A0227E3F590028154C /* SegueConstants.swift */; };
		4B72D8A4227E55430028154C /* PopupErrorViewController.swift in Sources */ = {isa = PBXBuildFile; fileRef = 4B72D8A3227E55430028154C /* PopupErrorViewController.swift */; };
		4B72D8A7227E8C1D0028154C /* EnterNameView.swift in Sources */ = {isa = PBXBuildFile; fileRef = 4B72D8A6227E8C1D0028154C /* EnterNameView.swift */; };
		4B72D8A9227EBA5D0028154C /* CurrencySelectionView.swift in Sources */ = {isa = PBXBuildFile; fileRef = 4B72D8A8227EBA5D0028154C /* CurrencySelectionView.swift */; };
		4B72D8AB227EC6170028154C /* ConversionResultView.swift in Sources */ = {isa = PBXBuildFile; fileRef = 4B72D8AA227EC6170028154C /* ConversionResultView.swift */; };
		4B72D8AD227ECAE20028154C /* PopupErrorView.swift in Sources */ = {isa = PBXBuildFile; fileRef = 4B72D8AC227ECAE20028154C /* PopupErrorView.swift */; };
		5FE7A77922EAEAF7A4AB45B7 /* Pods_BitcoinConversion.framework in Frameworks */ = {isa = PBXBuildFile; fileRef = D6A1FDE1EE5653B3552017C1 /* Pods_BitcoinConversion.framework */; };
		70E5E16B4109C55AB6D1B45E /* Pods_BitcoinConversionUITests.framework in Frameworks */ = {isa = PBXBuildFile; fileRef = E455C469382D9493B2B72CA6 /* Pods_BitcoinConversionUITests.framework */; };
/* End PBXBuildFile section */

/* Begin PBXContainerItemProxy section */
		4B425851227B635F002092F2 /* PBXContainerItemProxy */ = {
			isa = PBXContainerItemProxy;
			containerPortal = 4B425834227B635D002092F2 /* Project object */;
			proxyType = 1;
			remoteGlobalIDString = 4B42583B227B635D002092F2;
			remoteInfo = BitcoinConversion;
		};
		4B42585C227B635F002092F2 /* PBXContainerItemProxy */ = {
			isa = PBXContainerItemProxy;
			containerPortal = 4B425834227B635D002092F2 /* Project object */;
			proxyType = 1;
			remoteGlobalIDString = 4B42583B227B635D002092F2;
			remoteInfo = BitcoinConversion;
		};
/* End PBXContainerItemProxy section */

/* Begin PBXFileReference section */
		4B3FE580227D3FE300E3C01C /* CurrencySelectionTableViewController.swift */ = {isa = PBXFileReference; lastKnownFileType = sourcecode.swift; path = CurrencySelectionTableViewController.swift; sourceTree = "<group>"; };
		4B42583C227B635D002092F2 /* BitcoinConversion.app */ = {isa = PBXFileReference; explicitFileType = wrapper.application; includeInIndex = 0; path = BitcoinConversion.app; sourceTree = BUILT_PRODUCTS_DIR; };
		4B42583F227B635D002092F2 /* AppDelegate.swift */ = {isa = PBXFileReference; lastKnownFileType = sourcecode.swift; path = AppDelegate.swift; sourceTree = "<group>"; };
		4B425844227B635D002092F2 /* Base */ = {isa = PBXFileReference; lastKnownFileType = file.storyboard; name = Base; path = Base.lproj/Main.storyboard; sourceTree = "<group>"; };
		4B425846227B635F002092F2 /* Assets.xcassets */ = {isa = PBXFileReference; lastKnownFileType = folder.assetcatalog; path = Assets.xcassets; sourceTree = "<group>"; };
		4B425849227B635F002092F2 /* Base */ = {isa = PBXFileReference; lastKnownFileType = file.storyboard; name = Base; path = Base.lproj/LaunchScreen.storyboard; sourceTree = "<group>"; };
		4B42584B227B635F002092F2 /* Info.plist */ = {isa = PBXFileReference; lastKnownFileType = text.plist.xml; path = Info.plist; sourceTree = "<group>"; };
		4B425850227B635F002092F2 /* BitcoinConversionTests.xctest */ = {isa = PBXFileReference; explicitFileType = wrapper.cfbundle; includeInIndex = 0; path = BitcoinConversionTests.xctest; sourceTree = BUILT_PRODUCTS_DIR; };
		4B425854227B635F002092F2 /* BitcoinConversionTests.swift */ = {isa = PBXFileReference; lastKnownFileType = sourcecode.swift; path = BitcoinConversionTests.swift; sourceTree = "<group>"; };
		4B425856227B635F002092F2 /* Info.plist */ = {isa = PBXFileReference; lastKnownFileType = text.plist.xml; path = Info.plist; sourceTree = "<group>"; };
		4B42585B227B635F002092F2 /* BitcoinConversionUITests.xctest */ = {isa = PBXFileReference; explicitFileType = wrapper.cfbundle; includeInIndex = 0; path = BitcoinConversionUITests.xctest; sourceTree = BUILT_PRODUCTS_DIR; };
		4B42585F227B635F002092F2 /* BitcoinConversionUITests.swift */ = {isa = PBXFileReference; lastKnownFileType = sourcecode.swift; path = BitcoinConversionUITests.swift; sourceTree = "<group>"; };
		4B425861227B635F002092F2 /* Info.plist */ = {isa = PBXFileReference; lastKnownFileType = text.plist.xml; path = Info.plist; sourceTree = "<group>"; };
		4B42586D227B70BE002092F2 /* EnterNameViewController.swift */ = {isa = PBXFileReference; lastKnownFileType = sourcecode.swift; path = EnterNameViewController.swift; sourceTree = "<group>"; };
		4B425873227BB681002092F2 /* CurrencySelectionViewController.swift */ = {isa = PBXFileReference; lastKnownFileType = sourcecode.swift; path = CurrencySelectionViewController.swift; sourceTree = "<group>"; };
		4B425879227BF1AF002092F2 /* BAConstants.swift */ = {isa = PBXFileReference; lastKnownFileType = sourcecode.swift; path = BAConstants.swift; sourceTree = "<group>"; };
		4B42587B227BFA23002092F2 /* BAClient.swift */ = {isa = PBXFileReference; lastKnownFileType = sourcecode.swift; path = BAClient.swift; sourceTree = "<group>"; };
		4B42587E227BFABE002092F2 /* PriceConversion.swift */ = {isa = PBXFileReference; lastKnownFileType = sourcecode.swift; path = PriceConversion.swift; sourceTree = "<group>"; };
		4B425880227BFBB5002092F2 /* NetworkError.swift */ = {isa = PBXFileReference; lastKnownFileType = sourcecode.swift; path = NetworkError.swift; sourceTree = "<group>"; };
		4B72D89D227D5A8D0028154C /* ConversionResultViewController.swift */ = {isa = PBXFileReference; lastKnownFileType = sourcecode.swift; path = ConversionResultViewController.swift; sourceTree = "<group>"; };
		4B72D8A0227E3F590028154C /* SegueConstants.swift */ = {isa = PBXFileReference; lastKnownFileType = sourcecode.swift; path = SegueConstants.swift; sourceTree = "<group>"; };
		4B72D8A3227E55430028154C /* PopupErrorViewController.swift */ = {isa = PBXFileReference; lastKnownFileType = sourcecode.swift; path = PopupErrorViewController.swift; sourceTree = "<group>"; };
		4B72D8A6227E8C1D0028154C /* EnterNameView.swift */ = {isa = PBXFileReference; lastKnownFileType = sourcecode.swift; path = EnterNameView.swift; sourceTree = "<group>"; };
		4B72D8A8227EBA5D0028154C /* CurrencySelectionView.swift */ = {isa = PBXFileReference; lastKnownFileType = sourcecode.swift; path = CurrencySelectionView.swift; sourceTree = "<group>"; };
		4B72D8AA227EC6170028154C /* ConversionResultView.swift */ = {isa = PBXFileReference; lastKnownFileType = sourcecode.swift; path = ConversionResultView.swift; sourceTree = "<group>"; };
		4B72D8AC227ECAE20028154C /* PopupErrorView.swift */ = {isa = PBXFileReference; lastKnownFileType = sourcecode.swift; path = PopupErrorView.swift; sourceTree = "<group>"; };
		4CAE95F7844BA3F15542F378 /* Pods-BitcoinConversion.debug.xcconfig */ = {isa = PBXFileReference; includeInIndex = 1; lastKnownFileType = text.xcconfig; name = "Pods-BitcoinConversion.debug.xcconfig"; path = "Pods/Target Support Files/Pods-BitcoinConversion/Pods-BitcoinConversion.debug.xcconfig"; sourceTree = "<group>"; };
		67C179BA847CA35B333CEA76 /* Pods-BitcoinConversionUITests.release.xcconfig */ = {isa = PBXFileReference; includeInIndex = 1; lastKnownFileType = text.xcconfig; name = "Pods-BitcoinConversionUITests.release.xcconfig"; path = "Pods/Target Support Files/Pods-BitcoinConversionUITests/Pods-BitcoinConversionUITests.release.xcconfig"; sourceTree = "<group>"; };
		70E81874733A192A7DE8A758 /* Pods-BitcoinConversion.release.xcconfig */ = {isa = PBXFileReference; includeInIndex = 1; lastKnownFileType = text.xcconfig; name = "Pods-BitcoinConversion.release.xcconfig"; path = "Pods/Target Support Files/Pods-BitcoinConversion/Pods-BitcoinConversion.release.xcconfig"; sourceTree = "<group>"; };
		7CDFE2F0756FF86FAF8D2D2A /* Pods-BitcoinConversionTests.release.xcconfig */ = {isa = PBXFileReference; includeInIndex = 1; lastKnownFileType = text.xcconfig; name = "Pods-BitcoinConversionTests.release.xcconfig"; path = "Pods/Target Support Files/Pods-BitcoinConversionTests/Pods-BitcoinConversionTests.release.xcconfig"; sourceTree = "<group>"; };
		C54DC9663A44905A5220E8E1 /* Pods_BitcoinConversionTests.framework */ = {isa = PBXFileReference; explicitFileType = wrapper.framework; includeInIndex = 0; path = Pods_BitcoinConversionTests.framework; sourceTree = BUILT_PRODUCTS_DIR; };
		D6A1FDE1EE5653B3552017C1 /* Pods_BitcoinConversion.framework */ = {isa = PBXFileReference; explicitFileType = wrapper.framework; includeInIndex = 0; path = Pods_BitcoinConversion.framework; sourceTree = BUILT_PRODUCTS_DIR; };
		E455C469382D9493B2B72CA6 /* Pods_BitcoinConversionUITests.framework */ = {isa = PBXFileReference; explicitFileType = wrapper.framework; includeInIndex = 0; path = Pods_BitcoinConversionUITests.framework; sourceTree = BUILT_PRODUCTS_DIR; };
		F263BCC222B7FDB35E943E79 /* Pods-BitcoinConversionTests.debug.xcconfig */ = {isa = PBXFileReference; includeInIndex = 1; lastKnownFileType = text.xcconfig; name = "Pods-BitcoinConversionTests.debug.xcconfig"; path = "Pods/Target Support Files/Pods-BitcoinConversionTests/Pods-BitcoinConversionTests.debug.xcconfig"; sourceTree = "<group>"; };
		FFB04C7DA54FBAC73D4436B4 /* Pods-BitcoinConversionUITests.debug.xcconfig */ = {isa = PBXFileReference; includeInIndex = 1; lastKnownFileType = text.xcconfig; name = "Pods-BitcoinConversionUITests.debug.xcconfig"; path = "Pods/Target Support Files/Pods-BitcoinConversionUITests/Pods-BitcoinConversionUITests.debug.xcconfig"; sourceTree = "<group>"; };
/* End PBXFileReference section */

/* Begin PBXFrameworksBuildPhase section */
		4B425839227B635D002092F2 /* Frameworks */ = {
			isa = PBXFrameworksBuildPhase;
			buildActionMask = 2147483647;
			files = (
				5FE7A77922EAEAF7A4AB45B7 /* Pods_BitcoinConversion.framework in Frameworks */,
			);
			runOnlyForDeploymentPostprocessing = 0;
		};
		4B42584D227B635F002092F2 /* Frameworks */ = {
			isa = PBXFrameworksBuildPhase;
			buildActionMask = 2147483647;
			files = (
				029B5DE13AF49A7009626D09 /* Pods_BitcoinConversionTests.framework in Frameworks */,
			);
			runOnlyForDeploymentPostprocessing = 0;
		};
		4B425858227B635F002092F2 /* Frameworks */ = {
			isa = PBXFrameworksBuildPhase;
			buildActionMask = 2147483647;
			files = (
				70E5E16B4109C55AB6D1B45E /* Pods_BitcoinConversionUITests.framework in Frameworks */,
			);
			runOnlyForDeploymentPostprocessing = 0;
		};
/* End PBXFrameworksBuildPhase section */

/* Begin PBXGroup section */
		4B425833227B635D002092F2 = {
			isa = PBXGroup;
			children = (
				4B42583E227B635D002092F2 /* BitcoinConversion */,
				4B425853227B635F002092F2 /* BitcoinConversionTests */,
				4B42585E227B635F002092F2 /* BitcoinConversionUITests */,
				4B42583D227B635D002092F2 /* Products */,
				8DA3581D0F29454DA30FD138 /* Pods */,
				5A51C29E0251F616FA27699B /* Frameworks */,
			);
			sourceTree = "<group>";
		};
		4B42583D227B635D002092F2 /* Products */ = {
			isa = PBXGroup;
			children = (
				4B42583C227B635D002092F2 /* BitcoinConversion.app */,
				4B425850227B635F002092F2 /* BitcoinConversionTests.xctest */,
				4B42585B227B635F002092F2 /* BitcoinConversionUITests.xctest */,
			);
			name = Products;
			sourceTree = "<group>";
		};
		4B42583E227B635D002092F2 /* BitcoinConversion */ = {
			isa = PBXGroup;
			children = (
				4B42583F227B635D002092F2 /* AppDelegate.swift */,
				4B72D8A5227E8BE10028154C /* View */,
				4B72D89F227E3F370028154C /* Helper */,
				4B42587D227BFA96002092F2 /* Models */,
				4B425877227BF080002092F2 /* Networking */,
				4B42586F227B72BD002092F2 /* View Controllers */,
				4B425843227B635D002092F2 /* Main.storyboard */,
				4B425846227B635F002092F2 /* Assets.xcassets */,
				4B425848227B635F002092F2 /* LaunchScreen.storyboard */,
				4B42584B227B635F002092F2 /* Info.plist */,
			);
			path = BitcoinConversion;
			sourceTree = "<group>";
		};
		4B425853227B635F002092F2 /* BitcoinConversionTests */ = {
			isa = PBXGroup;
			children = (
				4B425854227B635F002092F2 /* BitcoinConversionTests.swift */,
				4B425856227B635F002092F2 /* Info.plist */,
			);
			path = BitcoinConversionTests;
			sourceTree = "<group>";
		};
		4B42585E227B635F002092F2 /* BitcoinConversionUITests */ = {
			isa = PBXGroup;
			children = (
				4B42585F227B635F002092F2 /* BitcoinConversionUITests.swift */,
				4B425861227B635F002092F2 /* Info.plist */,
			);
			path = BitcoinConversionUITests;
			sourceTree = "<group>";
		};
		4B42586F227B72BD002092F2 /* View Controllers */ = {
			isa = PBXGroup;
			children = (
				4B72D8A2227E54F50028154C /* Pop-up Error */,
				4B425876227BB6B8002092F2 /* Conversion Result */,
				4B425875227BB686002092F2 /* Currency Selection */,
				4B425870227B72F3002092F2 /* Enter Name */,
			);
			path = "View Controllers";
			sourceTree = "<group>";
		};
		4B425870227B72F3002092F2 /* Enter Name */ = {
			isa = PBXGroup;
			children = (
				4B42586D227B70BE002092F2 /* EnterNameViewController.swift */,
			);
			path = "Enter Name";
			sourceTree = "<group>";
		};
		4B425875227BB686002092F2 /* Currency Selection */ = {
			isa = PBXGroup;
			children = (
				4B425873227BB681002092F2 /* CurrencySelectionViewController.swift */,
				4B3FE580227D3FE300E3C01C /* CurrencySelectionTableViewController.swift */,
			);
			path = "Currency Selection";
			sourceTree = "<group>";
		};
		4B425876227BB6B8002092F2 /* Conversion Result */ = {
			isa = PBXGroup;
			children = (
				4B72D89D227D5A8D0028154C /* ConversionResultViewController.swift */,
			);
			path = "Conversion Result";
			sourceTree = "<group>";
		};
		4B425877227BF080002092F2 /* Networking */ = {
			isa = PBXGroup;
			children = (
				4B425878227BF0BB002092F2 /* Bitcoin Average Client */,
				4B425880227BFBB5002092F2 /* NetworkError.swift */,
			);
			path = Networking;
			sourceTree = "<group>";
		};
		4B425878227BF0BB002092F2 /* Bitcoin Average Client */ = {
			isa = PBXGroup;
			children = (
				4B425879227BF1AF002092F2 /* BAConstants.swift */,
				4B42587B227BFA23002092F2 /* BAClient.swift */,
			);
			path = "Bitcoin Average Client";
			sourceTree = "<group>";
		};
		4B42587D227BFA96002092F2 /* Models */ = {
			isa = PBXGroup;
			children = (
				4B42587E227BFABE002092F2 /* PriceConversion.swift */,
			);
			path = Models;
			sourceTree = "<group>";
		};
		4B72D89F227E3F370028154C /* Helper */ = {
			isa = PBXGroup;
			children = (
				4B72D8A0227E3F590028154C /* SegueConstants.swift */,
			);
			path = Helper;
			sourceTree = "<group>";
		};
		4B72D8A2227E54F50028154C /* Pop-up Error */ = {
			isa = PBXGroup;
			children = (
				4B72D8A3227E55430028154C /* PopupErrorViewController.swift */,
			);
			path = "Pop-up Error";
			sourceTree = "<group>";
		};
		4B72D8A5227E8BE10028154C /* View */ = {
			isa = PBXGroup;
			children = (
				4B72D8A6227E8C1D0028154C /* EnterNameView.swift */,
				4B72D8AC227ECAE20028154C /* PopupErrorView.swift */,
				4B72D8A8227EBA5D0028154C /* CurrencySelectionView.swift */,
				4B72D8AA227EC6170028154C /* ConversionResultView.swift */,
			);
			path = View;
			sourceTree = "<group>";
		};
		5A51C29E0251F616FA27699B /* Frameworks */ = {
			isa = PBXGroup;
			children = (
				D6A1FDE1EE5653B3552017C1 /* Pods_BitcoinConversion.framework */,
				C54DC9663A44905A5220E8E1 /* Pods_BitcoinConversionTests.framework */,
				E455C469382D9493B2B72CA6 /* Pods_BitcoinConversionUITests.framework */,
			);
			name = Frameworks;
			sourceTree = "<group>";
		};
		8DA3581D0F29454DA30FD138 /* Pods */ = {
			isa = PBXGroup;
			children = (
				4CAE95F7844BA3F15542F378 /* Pods-BitcoinConversion.debug.xcconfig */,
				70E81874733A192A7DE8A758 /* Pods-BitcoinConversion.release.xcconfig */,
				F263BCC222B7FDB35E943E79 /* Pods-BitcoinConversionTests.debug.xcconfig */,
				7CDFE2F0756FF86FAF8D2D2A /* Pods-BitcoinConversionTests.release.xcconfig */,
				FFB04C7DA54FBAC73D4436B4 /* Pods-BitcoinConversionUITests.debug.xcconfig */,
				67C179BA847CA35B333CEA76 /* Pods-BitcoinConversionUITests.release.xcconfig */,
			);
			name = Pods;
			sourceTree = "<group>";
		};
/* End PBXGroup section */

/* Begin PBXNativeTarget section */
		4B42583B227B635D002092F2 /* BitcoinConversion */ = {
			isa = PBXNativeTarget;
			buildConfigurationList = 4B425864227B635F002092F2 /* Build configuration list for PBXNativeTarget "BitcoinConversion" */;
			buildPhases = (
				775D7C0CA44D6C96A7E2FA00 /* [CP] Check Pods Manifest.lock */,
				4B425838227B635D002092F2 /* Sources */,
				4B425839227B635D002092F2 /* Frameworks */,
				4B42583A227B635D002092F2 /* Resources */,
				0D212783924C5F3E2C2CBD22 /* [CP] Embed Pods Frameworks */,
			);
			buildRules = (
			);
			dependencies = (
			);
			name = BitcoinConversion;
			productName = BitcoinConversion;
			productReference = 4B42583C227B635D002092F2 /* BitcoinConversion.app */;
			productType = "com.apple.product-type.application";
		};
		4B42584F227B635F002092F2 /* BitcoinConversionTests */ = {
			isa = PBXNativeTarget;
			buildConfigurationList = 4B425867227B635F002092F2 /* Build configuration list for PBXNativeTarget "BitcoinConversionTests" */;
			buildPhases = (
				C17B34D500114235701B5964 /* [CP] Check Pods Manifest.lock */,
				4B42584C227B635F002092F2 /* Sources */,
				4B42584D227B635F002092F2 /* Frameworks */,
				4B42584E227B635F002092F2 /* Resources */,
			);
			buildRules = (
			);
			dependencies = (
				4B425852227B635F002092F2 /* PBXTargetDependency */,
			);
			name = BitcoinConversionTests;
			productName = BitcoinConversionTests;
			productReference = 4B425850227B635F002092F2 /* BitcoinConversionTests.xctest */;
			productType = "com.apple.product-type.bundle.unit-test";
		};
		4B42585A227B635F002092F2 /* BitcoinConversionUITests */ = {
			isa = PBXNativeTarget;
			buildConfigurationList = 4B42586A227B635F002092F2 /* Build configuration list for PBXNativeTarget "BitcoinConversionUITests" */;
			buildPhases = (
				1EA980E41483ABFB9ECDC289 /* [CP] Check Pods Manifest.lock */,
				4B425857227B635F002092F2 /* Sources */,
				4B425858227B635F002092F2 /* Frameworks */,
				4B425859227B635F002092F2 /* Resources */,
			);
			buildRules = (
			);
			dependencies = (
				4B42585D227B635F002092F2 /* PBXTargetDependency */,
			);
			name = BitcoinConversionUITests;
			productName = BitcoinConversionUITests;
			productReference = 4B42585B227B635F002092F2 /* BitcoinConversionUITests.xctest */;
			productType = "com.apple.product-type.bundle.ui-testing";
		};
/* End PBXNativeTarget section */

/* Begin PBXProject section */
		4B425834227B635D002092F2 /* Project object */ = {
			isa = PBXProject;
			attributes = {
				LastSwiftUpdateCheck = 1020;
				LastUpgradeCheck = 1020;
				ORGANIZATIONNAME = "Rays Industrial Computers";
				TargetAttributes = {
					4B42583B227B635D002092F2 = {
						CreatedOnToolsVersion = 10.2.1;
					};
					4B42584F227B635F002092F2 = {
						CreatedOnToolsVersion = 10.2.1;
						TestTargetID = 4B42583B227B635D002092F2;
					};
					4B42585A227B635F002092F2 = {
						CreatedOnToolsVersion = 10.2.1;
						TestTargetID = 4B42583B227B635D002092F2;
					};
				};
			};
			buildConfigurationList = 4B425837227B635D002092F2 /* Build configuration list for PBXProject "BitcoinConversion" */;
			compatibilityVersion = "Xcode 9.3";
			developmentRegion = en;
			hasScannedForEncodings = 0;
			knownRegions = (
				en,
				Base,
			);
			mainGroup = 4B425833227B635D002092F2;
			productRefGroup = 4B42583D227B635D002092F2 /* Products */;
			projectDirPath = "";
			projectRoot = "";
			targets = (
				4B42583B227B635D002092F2 /* BitcoinConversion */,
				4B42584F227B635F002092F2 /* BitcoinConversionTests */,
				4B42585A227B635F002092F2 /* BitcoinConversionUITests */,
			);
		};
/* End PBXProject section */

/* Begin PBXResourcesBuildPhase section */
		4B42583A227B635D002092F2 /* Resources */ = {
			isa = PBXResourcesBuildPhase;
			buildActionMask = 2147483647;
			files = (
				4B42584A227B635F002092F2 /* LaunchScreen.storyboard in Resources */,
				4B425847227B635F002092F2 /* Assets.xcassets in Resources */,
				4B425845227B635D002092F2 /* Main.storyboard in Resources */,
			);
			runOnlyForDeploymentPostprocessing = 0;
		};
		4B42584E227B635F002092F2 /* Resources */ = {
			isa = PBXResourcesBuildPhase;
			buildActionMask = 2147483647;
			files = (
			);
			runOnlyForDeploymentPostprocessing = 0;
		};
		4B425859227B635F002092F2 /* Resources */ = {
			isa = PBXResourcesBuildPhase;
			buildActionMask = 2147483647;
			files = (
			);
			runOnlyForDeploymentPostprocessing = 0;
		};
/* End PBXResourcesBuildPhase section */

/* Begin PBXShellScriptBuildPhase section */
		0D212783924C5F3E2C2CBD22 /* [CP] Embed Pods Frameworks */ = {
			isa = PBXShellScriptBuildPhase;
			buildActionMask = 2147483647;
			files = (
			);
			inputPaths = (
				"${SRCROOT}/Pods/Target Support Files/Pods-BitcoinConversion/Pods-BitcoinConversion-frameworks.sh",
				"${BUILT_PRODUCTS_DIR}/Alamofire/Alamofire.framework",
			);
			name = "[CP] Embed Pods Frameworks";
			outputPaths = (
				"${TARGET_BUILD_DIR}/${FRAMEWORKS_FOLDER_PATH}/Alamofire.framework",
			);
			runOnlyForDeploymentPostprocessing = 0;
			shellPath = /bin/sh;
			shellScript = "\"${SRCROOT}/Pods/Target Support Files/Pods-BitcoinConversion/Pods-BitcoinConversion-frameworks.sh\"\n";
			showEnvVarsInLog = 0;
		};
		1EA980E41483ABFB9ECDC289 /* [CP] Check Pods Manifest.lock */ = {
			isa = PBXShellScriptBuildPhase;
			buildActionMask = 2147483647;
			files = (
			);
			inputPaths = (
				"${PODS_PODFILE_DIR_PATH}/Podfile.lock",
				"${PODS_ROOT}/Manifest.lock",
			);
			name = "[CP] Check Pods Manifest.lock";
			outputPaths = (
				"$(DERIVED_FILE_DIR)/Pods-BitcoinConversionUITests-checkManifestLockResult.txt",
			);
			runOnlyForDeploymentPostprocessing = 0;
			shellPath = /bin/sh;
			shellScript = "diff \"${PODS_PODFILE_DIR_PATH}/Podfile.lock\" \"${PODS_ROOT}/Manifest.lock\" > /dev/null\nif [ $? != 0 ] ; then\n    # print error to STDERR\n    echo \"error: The sandbox is not in sync with the Podfile.lock. Run 'pod install' or update your CocoaPods installation.\" >&2\n    exit 1\nfi\n# This output is used by Xcode 'outputs' to avoid re-running this script phase.\necho \"SUCCESS\" > \"${SCRIPT_OUTPUT_FILE_0}\"\n";
			showEnvVarsInLog = 0;
		};
		775D7C0CA44D6C96A7E2FA00 /* [CP] Check Pods Manifest.lock */ = {
			isa = PBXShellScriptBuildPhase;
			buildActionMask = 2147483647;
			files = (
			);
			inputPaths = (
				"${PODS_PODFILE_DIR_PATH}/Podfile.lock",
				"${PODS_ROOT}/Manifest.lock",
			);
			name = "[CP] Check Pods Manifest.lock";
			outputPaths = (
				"$(DERIVED_FILE_DIR)/Pods-BitcoinConversion-checkManifestLockResult.txt",
			);
			runOnlyForDeploymentPostprocessing = 0;
			shellPath = /bin/sh;
			shellScript = "diff \"${PODS_PODFILE_DIR_PATH}/Podfile.lock\" \"${PODS_ROOT}/Manifest.lock\" > /dev/null\nif [ $? != 0 ] ; then\n    # print error to STDERR\n    echo \"error: The sandbox is not in sync with the Podfile.lock. Run 'pod install' or update your CocoaPods installation.\" >&2\n    exit 1\nfi\n# This output is used by Xcode 'outputs' to avoid re-running this script phase.\necho \"SUCCESS\" > \"${SCRIPT_OUTPUT_FILE_0}\"\n";
			showEnvVarsInLog = 0;
		};
		C17B34D500114235701B5964 /* [CP] Check Pods Manifest.lock */ = {
			isa = PBXShellScriptBuildPhase;
			buildActionMask = 2147483647;
			files = (
			);
			inputPaths = (
				"${PODS_PODFILE_DIR_PATH}/Podfile.lock",
				"${PODS_ROOT}/Manifest.lock",
			);
			name = "[CP] Check Pods Manifest.lock";
			outputPaths = (
				"$(DERIVED_FILE_DIR)/Pods-BitcoinConversionTests-checkManifestLockResult.txt",
			);
			runOnlyForDeploymentPostprocessing = 0;
			shellPath = /bin/sh;
			shellScript = "diff \"${PODS_PODFILE_DIR_PATH}/Podfile.lock\" \"${PODS_ROOT}/Manifest.lock\" > /dev/null\nif [ $? != 0 ] ; then\n    # print error to STDERR\n    echo \"error: The sandbox is not in sync with the Podfile.lock. Run 'pod install' or update your CocoaPods installation.\" >&2\n    exit 1\nfi\n# This output is used by Xcode 'outputs' to avoid re-running this script phase.\necho \"SUCCESS\" > \"${SCRIPT_OUTPUT_FILE_0}\"\n";
			showEnvVarsInLog = 0;
		};
/* End PBXShellScriptBuildPhase section */

/* Begin PBXSourcesBuildPhase section */
		4B425838227B635D002092F2 /* Sources */ = {
			isa = PBXSourcesBuildPhase;
			buildActionMask = 2147483647;
			files = (
				4B42586E227B70BE002092F2 /* EnterNameViewController.swift in Sources */,
				4B72D8A9227EBA5D0028154C /* CurrencySelectionView.swift in Sources */,
				4B425881227BFBB5002092F2 /* NetworkError.swift in Sources */,
				4B72D8AD227ECAE20028154C /* PopupErrorView.swift in Sources */,
				4B72D8A7227E8C1D0028154C /* EnterNameView.swift in Sources */,
				4B72D8A4227E55430028154C /* PopupErrorViewController.swift in Sources */,
				4B72D8AB227EC6170028154C /* ConversionResultView.swift in Sources */,
				4B42587C227BFA23002092F2 /* BAClient.swift in Sources */,
				4B3FE581227D3FE300E3C01C /* CurrencySelectionTableViewController.swift in Sources */,
				4B42587A227BF1AF002092F2 /* BAConstants.swift in Sources */,
				4B72D8A1227E3F590028154C /* SegueConstants.swift in Sources */,
				4B72D89E227D5A8D0028154C /* ConversionResultViewController.swift in Sources */,
				4B425874227BB681002092F2 /* CurrencySelectionViewController.swift in Sources */,
				4B42587F227BFABE002092F2 /* PriceConversion.swift in Sources */,
				4B425840227B635D002092F2 /* AppDelegate.swift in Sources */,
			);
			runOnlyForDeploymentPostprocessing = 0;
		};
		4B42584C227B635F002092F2 /* Sources */ = {
			isa = PBXSourcesBuildPhase;
			buildActionMask = 2147483647;
			files = (
				4B425855227B635F002092F2 /* BitcoinConversionTests.swift in Sources */,
			);
			runOnlyForDeploymentPostprocessing = 0;
		};
		4B425857227B635F002092F2 /* Sources */ = {
			isa = PBXSourcesBuildPhase;
			buildActionMask = 2147483647;
			files = (
				4B425860227B635F002092F2 /* BitcoinConversionUITests.swift in Sources */,
			);
			runOnlyForDeploymentPostprocessing = 0;
		};
/* End PBXSourcesBuildPhase section */

/* Begin PBXTargetDependency section */
		4B425852227B635F002092F2 /* PBXTargetDependency */ = {
			isa = PBXTargetDependency;
			target = 4B42583B227B635D002092F2 /* BitcoinConversion */;
			targetProxy = 4B425851227B635F002092F2 /* PBXContainerItemProxy */;
		};
		4B42585D227B635F002092F2 /* PBXTargetDependency */ = {
			isa = PBXTargetDependency;
			target = 4B42583B227B635D002092F2 /* BitcoinConversion */;
			targetProxy = 4B42585C227B635F002092F2 /* PBXContainerItemProxy */;
		};
/* End PBXTargetDependency section */

/* Begin PBXVariantGroup section */
		4B425843227B635D002092F2 /* Main.storyboard */ = {
			isa = PBXVariantGroup;
			children = (
				4B425844227B635D002092F2 /* Base */,
			);
			name = Main.storyboard;
			sourceTree = "<group>";
		};
		4B425848227B635F002092F2 /* LaunchScreen.storyboard */ = {
			isa = PBXVariantGroup;
			children = (
				4B425849227B635F002092F2 /* Base */,
			);
			name = LaunchScreen.storyboard;
			sourceTree = "<group>";
		};
/* End PBXVariantGroup section */

/* Begin XCBuildConfiguration section */
		4B425862227B635F002092F2 /* Debug */ = {
			isa = XCBuildConfiguration;
			buildSettings = {
				ALWAYS_SEARCH_USER_PATHS = NO;
				CLANG_ANALYZER_NONNULL = YES;
				CLANG_ANALYZER_NUMBER_OBJECT_CONVERSION = YES_AGGRESSIVE;
				CLANG_CXX_LANGUAGE_STANDARD = "gnu++14";
				CLANG_CXX_LIBRARY = "libc++";
				CLANG_ENABLE_MODULES = YES;
				CLANG_ENABLE_OBJC_ARC = YES;
				CLANG_ENABLE_OBJC_WEAK = YES;
				CLANG_WARN_BLOCK_CAPTURE_AUTORELEASING = YES;
				CLANG_WARN_BOOL_CONVERSION = YES;
				CLANG_WARN_COMMA = YES;
				CLANG_WARN_CONSTANT_CONVERSION = YES;
				CLANG_WARN_DEPRECATED_OBJC_IMPLEMENTATIONS = YES;
				CLANG_WARN_DIRECT_OBJC_ISA_USAGE = YES_ERROR;
				CLANG_WARN_DOCUMENTATION_COMMENTS = YES;
				CLANG_WARN_EMPTY_BODY = YES;
				CLANG_WARN_ENUM_CONVERSION = YES;
				CLANG_WARN_INFINITE_RECURSION = YES;
				CLANG_WARN_INT_CONVERSION = YES;
				CLANG_WARN_NON_LITERAL_NULL_CONVERSION = YES;
				CLANG_WARN_OBJC_IMPLICIT_RETAIN_SELF = YES;
				CLANG_WARN_OBJC_LITERAL_CONVERSION = YES;
				CLANG_WARN_OBJC_ROOT_CLASS = YES_ERROR;
				CLANG_WARN_RANGE_LOOP_ANALYSIS = YES;
				CLANG_WARN_STRICT_PROTOTYPES = YES;
				CLANG_WARN_SUSPICIOUS_MOVE = YES;
				CLANG_WARN_UNGUARDED_AVAILABILITY = YES_AGGRESSIVE;
				CLANG_WARN_UNREACHABLE_CODE = YES;
				CLANG_WARN__DUPLICATE_METHOD_MATCH = YES;
				CODE_SIGN_IDENTITY = "iPhone Developer";
				COPY_PHASE_STRIP = NO;
				DEBUG_INFORMATION_FORMAT = dwarf;
				ENABLE_STRICT_OBJC_MSGSEND = YES;
				ENABLE_TESTABILITY = YES;
				GCC_C_LANGUAGE_STANDARD = gnu11;
				GCC_DYNAMIC_NO_PIC = NO;
				GCC_NO_COMMON_BLOCKS = YES;
				GCC_OPTIMIZATION_LEVEL = 0;
				GCC_PREPROCESSOR_DEFINITIONS = (
					"DEBUG=1",
					"$(inherited)",
				);
				GCC_WARN_64_TO_32_BIT_CONVERSION = YES;
				GCC_WARN_ABOUT_RETURN_TYPE = YES_ERROR;
				GCC_WARN_UNDECLARED_SELECTOR = YES;
				GCC_WARN_UNINITIALIZED_AUTOS = YES_AGGRESSIVE;
				GCC_WARN_UNUSED_FUNCTION = YES;
				GCC_WARN_UNUSED_VARIABLE = YES;
				IPHONEOS_DEPLOYMENT_TARGET = 12.2;
				MTL_ENABLE_DEBUG_INFO = INCLUDE_SOURCE;
				MTL_FAST_MATH = YES;
				ONLY_ACTIVE_ARCH = YES;
				SDKROOT = iphoneos;
				SWIFT_ACTIVE_COMPILATION_CONDITIONS = DEBUG;
				SWIFT_OPTIMIZATION_LEVEL = "-Onone";
			};
			name = Debug;
		};
		4B425863227B635F002092F2 /* Release */ = {
			isa = XCBuildConfiguration;
			buildSettings = {
				ALWAYS_SEARCH_USER_PATHS = NO;
				CLANG_ANALYZER_NONNULL = YES;
				CLANG_ANALYZER_NUMBER_OBJECT_CONVERSION = YES_AGGRESSIVE;
				CLANG_CXX_LANGUAGE_STANDARD = "gnu++14";
				CLANG_CXX_LIBRARY = "libc++";
				CLANG_ENABLE_MODULES = YES;
				CLANG_ENABLE_OBJC_ARC = YES;
				CLANG_ENABLE_OBJC_WEAK = YES;
				CLANG_WARN_BLOCK_CAPTURE_AUTORELEASING = YES;
				CLANG_WARN_BOOL_CONVERSION = YES;
				CLANG_WARN_COMMA = YES;
				CLANG_WARN_CONSTANT_CONVERSION = YES;
				CLANG_WARN_DEPRECATED_OBJC_IMPLEMENTATIONS = YES;
				CLANG_WARN_DIRECT_OBJC_ISA_USAGE = YES_ERROR;
				CLANG_WARN_DOCUMENTATION_COMMENTS = YES;
				CLANG_WARN_EMPTY_BODY = YES;
				CLANG_WARN_ENUM_CONVERSION = YES;
				CLANG_WARN_INFINITE_RECURSION = YES;
				CLANG_WARN_INT_CONVERSION = YES;
				CLANG_WARN_NON_LITERAL_NULL_CONVERSION = YES;
				CLANG_WARN_OBJC_IMPLICIT_RETAIN_SELF = YES;
				CLANG_WARN_OBJC_LITERAL_CONVERSION = YES;
				CLANG_WARN_OBJC_ROOT_CLASS = YES_ERROR;
				CLANG_WARN_RANGE_LOOP_ANALYSIS = YES;
				CLANG_WARN_STRICT_PROTOTYPES = YES;
				CLANG_WARN_SUSPICIOUS_MOVE = YES;
				CLANG_WARN_UNGUARDED_AVAILABILITY = YES_AGGRESSIVE;
				CLANG_WARN_UNREACHABLE_CODE = YES;
				CLANG_WARN__DUPLICATE_METHOD_MATCH = YES;
				CODE_SIGN_IDENTITY = "iPhone Developer";
				COPY_PHASE_STRIP = NO;
				DEBUG_INFORMATION_FORMAT = "dwarf-with-dsym";
				ENABLE_NS_ASSERTIONS = NO;
				ENABLE_STRICT_OBJC_MSGSEND = YES;
				GCC_C_LANGUAGE_STANDARD = gnu11;
				GCC_NO_COMMON_BLOCKS = YES;
				GCC_WARN_64_TO_32_BIT_CONVERSION = YES;
				GCC_WARN_ABOUT_RETURN_TYPE = YES_ERROR;
				GCC_WARN_UNDECLARED_SELECTOR = YES;
				GCC_WARN_UNINITIALIZED_AUTOS = YES_AGGRESSIVE;
				GCC_WARN_UNUSED_FUNCTION = YES;
				GCC_WARN_UNUSED_VARIABLE = YES;
				IPHONEOS_DEPLOYMENT_TARGET = 12.2;
				MTL_ENABLE_DEBUG_INFO = NO;
				MTL_FAST_MATH = YES;
				SDKROOT = iphoneos;
				SWIFT_COMPILATION_MODE = wholemodule;
				SWIFT_OPTIMIZATION_LEVEL = "-O";
				VALIDATE_PRODUCT = YES;
			};
			name = Release;
		};
		4B425865227B635F002092F2 /* Debug */ = {
			isa = XCBuildConfiguration;
			baseConfigurationReference = 4CAE95F7844BA3F15542F378 /* Pods-BitcoinConversion.debug.xcconfig */;
			buildSettings = {
				ASSETCATALOG_COMPILER_APPICON_NAME = AppIcon;
				CODE_SIGN_STYLE = Automatic;
				DEVELOPMENT_TEAM = 7HF92455SQ;
				INFOPLIST_FILE = BitcoinConversion/Info.plist;
				LD_RUNPATH_SEARCH_PATHS = (
					"$(inherited)",
					"@executable_path/Frameworks",
				);
				PRODUCT_BUNDLE_IDENTIFIER = com.raysind.BitcoinConversion;
				PRODUCT_NAME = "$(TARGET_NAME)";
				SWIFT_VERSION = 5.0;
				TARGETED_DEVICE_FAMILY = "1,2";
			};
			name = Debug;
		};
		4B425866227B635F002092F2 /* Release */ = {
			isa = XCBuildConfiguration;
			baseConfigurationReference = 70E81874733A192A7DE8A758 /* Pods-BitcoinConversion.release.xcconfig */;
			buildSettings = {
				ASSETCATALOG_COMPILER_APPICON_NAME = AppIcon;
				CODE_SIGN_STYLE = Automatic;
				DEVELOPMENT_TEAM = 7HF92455SQ;
				INFOPLIST_FILE = BitcoinConversion/Info.plist;
				LD_RUNPATH_SEARCH_PATHS = (
					"$(inherited)",
					"@executable_path/Frameworks",
				);
				PRODUCT_BUNDLE_IDENTIFIER = com.raysind.BitcoinConversion;
				PRODUCT_NAME = "$(TARGET_NAME)";
				SWIFT_VERSION = 5.0;
				TARGETED_DEVICE_FAMILY = "1,2";
			};
			name = Release;
		};
		4B425868227B635F002092F2 /* Debug */ = {
			isa = XCBuildConfiguration;
			baseConfigurationReference = F263BCC222B7FDB35E943E79 /* Pods-BitcoinConversionTests.debug.xcconfig */;
			buildSettings = {
				ALWAYS_EMBED_SWIFT_STANDARD_LIBRARIES = YES;
				BUNDLE_LOADER = "$(TEST_HOST)";
				CODE_SIGN_STYLE = Automatic;
				DEVELOPMENT_TEAM = 7HF92455SQ;
				INFOPLIST_FILE = BitcoinConversionTests/Info.plist;
				LD_RUNPATH_SEARCH_PATHS = (
					"$(inherited)",
					"@executable_path/Frameworks",
					"@loader_path/Frameworks",
				);
				PRODUCT_BUNDLE_IDENTIFIER = com.raysind.BitcoinConversionTests;
				PRODUCT_NAME = "$(TARGET_NAME)";
				SWIFT_VERSION = 5.0;
				TARGETED_DEVICE_FAMILY = "1,2";
				TEST_HOST = "$(BUILT_PRODUCTS_DIR)/BitcoinConversion.app/BitcoinConversion";
			};
			name = Debug;
		};
		4B425869227B635F002092F2 /* Release */ = {
			isa = XCBuildConfiguration;
			baseConfigurationReference = 7CDFE2F0756FF86FAF8D2D2A /* Pods-BitcoinConversionTests.release.xcconfig */;
			buildSettings = {
				ALWAYS_EMBED_SWIFT_STANDARD_LIBRARIES = YES;
				BUNDLE_LOADER = "$(TEST_HOST)";
				CODE_SIGN_STYLE = Automatic;
				DEVELOPMENT_TEAM = 7HF92455SQ;
				INFOPLIST_FILE = BitcoinConversionTests/Info.plist;
				LD_RUNPATH_SEARCH_PATHS = (
					"$(inherited)",
					"@executable_path/Frameworks",
					"@loader_path/Frameworks",
				);
				PRODUCT_BUNDLE_IDENTIFIER = com.raysind.BitcoinConversionTests;
				PRODUCT_NAME = "$(TARGET_NAME)";
				SWIFT_VERSION = 5.0;
				TARGETED_DEVICE_FAMILY = "1,2";
				TEST_HOST = "$(BUILT_PRODUCTS_DIR)/BitcoinConversion.app/BitcoinConversion";
			};
			name = Release;
		};
		4B42586B227B635F002092F2 /* Debug */ = {
			isa = XCBuildConfiguration;
			baseConfigurationReference = FFB04C7DA54FBAC73D4436B4 /* Pods-BitcoinConversionUITests.debug.xcconfig */;
			buildSettings = {
				ALWAYS_EMBED_SWIFT_STANDARD_LIBRARIES = YES;
				CODE_SIGN_STYLE = Automatic;
				DEVELOPMENT_TEAM = 7HF92455SQ;
				INFOPLIST_FILE = BitcoinConversionUITests/Info.plist;
				LD_RUNPATH_SEARCH_PATHS = (
					"$(inherited)",
					"@executable_path/Frameworks",
					"@loader_path/Frameworks",
				);
				PRODUCT_BUNDLE_IDENTIFIER = com.raysind.BitcoinConversionUITests;
				PRODUCT_NAME = "$(TARGET_NAME)";
				SWIFT_VERSION = 5.0;
				TARGETED_DEVICE_FAMILY = "1,2";
				TEST_TARGET_NAME = BitcoinConversion;
			};
			name = Debug;
		};
		4B42586C227B635F002092F2 /* Release */ = {
			isa = XCBuildConfiguration;
			baseConfigurationReference = 67C179BA847CA35B333CEA76 /* Pods-BitcoinConversionUITests.release.xcconfig */;
			buildSettings = {
				ALWAYS_EMBED_SWIFT_STANDARD_LIBRARIES = YES;
				CODE_SIGN_STYLE = Automatic;
				DEVELOPMENT_TEAM = 7HF92455SQ;
				INFOPLIST_FILE = BitcoinConversionUITests/Info.plist;
				LD_RUNPATH_SEARCH_PATHS = (
					"$(inherited)",
					"@executable_path/Frameworks",
					"@loader_path/Frameworks",
				);
				PRODUCT_BUNDLE_IDENTIFIER = com.raysind.BitcoinConversionUITests;
				PRODUCT_NAME = "$(TARGET_NAME)";
				SWIFT_VERSION = 5.0;
				TARGETED_DEVICE_FAMILY = "1,2";
				TEST_TARGET_NAME = BitcoinConversion;
			};
			name = Release;
		};
/* End XCBuildConfiguration section */

/* Begin XCConfigurationList section */
		4B425837227B635D002092F2 /* Build configuration list for PBXProject "BitcoinConversion" */ = {
			isa = XCConfigurationList;
			buildConfigurations = (
				4B425862227B635F002092F2 /* Debug */,
				4B425863227B635F002092F2 /* Release */,
			);
			defaultConfigurationIsVisible = 0;
			defaultConfigurationName = Release;
		};
		4B425864227B635F002092F2 /* Build configuration list for PBXNativeTarget "BitcoinConversion" */ = {
			isa = XCConfigurationList;
			buildConfigurations = (
				4B425865227B635F002092F2 /* Debug */,
				4B425866227B635F002092F2 /* Release */,
			);
			defaultConfigurationIsVisible = 0;
			defaultConfigurationName = Release;
		};
		4B425867227B635F002092F2 /* Build configuration list for PBXNativeTarget "BitcoinConversionTests" */ = {
			isa = XCConfigurationList;
			buildConfigurations = (
				4B425868227B635F002092F2 /* Debug */,
				4B425869227B635F002092F2 /* Release */,
			);
			defaultConfigurationIsVisible = 0;
			defaultConfigurationName = Release;
		};
		4B42586A227B635F002092F2 /* Build configuration list for PBXNativeTarget "BitcoinConversionUITests" */ = {
			isa = XCConfigurationList;
			buildConfigurations = (
				4B42586B227B635F002092F2 /* Debug */,
				4B42586C227B635F002092F2 /* Release */,
			);
			defaultConfigurationIsVisible = 0;
			defaultConfigurationName = Release;
		};
/* End XCConfigurationList section */
	};
	rootObject = 4B425834227B635D002092F2 /* Project object */;
}
